# THIS IS AN AUTOGENERATED FILE. DO NOT EDIT THIS FILE DIRECTLY.
# yarn lockfile v1


consistent-observable@^6.0.4:
  version "6.0.4"
  resolved "https://registry.yarnpkg.com/consistent-observable/-/consistent-observable-6.0.4.tgz#c471ff1993c232180acaa6bc43424346164edf76"
  dependencies:
    one-time-event "^5.0.0"

mobx@^3.1.0:
  version "3.1.0"
  resolved "https://registry.yarnpkg.com/mobx/-/mobx-3.1.0.tgz#e5f15b475efdd1eea1f5c43a0afccde6e6f322ee"

one-time-event@^5.0.0:
  version "5.0.5"
  resolved "https://registry.yarnpkg.com/one-time-event/-/one-time-event-5.0.5.tgz#3c7f917a998425ed00d748a63e0a3ece0c02a05e"
